
Microsoft Visual Studio Solution File, Format Version 12.00
# Visual Studio Version 17
VisualStudioVersion = 17.0.31903.59
MinimumVisualStudioVersion = 10.0.40219.1
Project("{2150E333-8FDC-42A3-9474-1A3956D46DE8}") = "Services", "Services", "{4E74E3AE-427D-4451-81C5-4F2D24BF6067}"
EndProject
Project("{2150E333-8FDC-42A3-9474-1A3956D46DE8}") = "Shared", "Shared", "{12503999-25D2-42EC-AAE4-FA554CA41035}"
EndProject
Project("{9A19103F-16F7-4668-BE54-9A1E7A4F7556}") = "Common", "Shared\Common\Common.csproj", "{C5D9077C-271B-4B5F-8B92-E6960CD45413}"
EndProject
Project("{9A19103F-16F7-4668-BE54-9A1E7A4F7556}") = "InternalGateway", "InternalGateway\InternalGateway.csproj", "{CF00BC77-7989-4D98-A939-490F4C63AC25}"
EndProject
Project("{2150E333-8FDC-42A3-9474-1A3956D46DE8}") = "Account", "Account", "{24ED8D85-8841-4185-B171-D9B2FF28F0CF}"
EndProject
Project("{9A19103F-16F7-4668-BE54-9A1E7A4F7556}") = "Account.API", "Services\Account\Account.API\Account.API.csproj", "{C754A7F7-184E-4155-B8C9-926C0E888A00}"
EndProject
Project("{9A19103F-16F7-4668-BE54-9A1E7A4F7556}") = "Account.Application", "Services\Account\Account.Application\Account.Application.csproj", "{E2F73390-5AB5-4345-8B05-C6029D2DC6B4}"
EndProject
Project("{9A19103F-16F7-4668-BE54-9A1E7A4F7556}") = "Account.Domain", "Services\Account\Account.Domain\Account.Domain.csproj", "{A2924A5A-AE10-42E8-B7A9-939C72A5179F}"
EndProject
Project("{9A19103F-16F7-4668-BE54-9A1E7A4F7556}") = "Account.Infrastructure", "Services\Account\Account.Infrastructure\Account.Infrastructure.csproj", "{778C34FF-9AC2-4F21-B91E-AC99640D606D}"
EndProject
Project("{2150E333-8FDC-42A3-9474-1A3956D46DE8}") = "Payment", "Payment", "{6652CD36-0093-44BE-ABC9-D322F4ED1C39}"
EndProject
Project("{9A19103F-16F7-4668-BE54-9A1E7A4F7556}") = "PaymentService.API", "Services\Payment\PaymentService.API\PaymentService.API.csproj", "{0A2BE260-0472-4B31-9F70-DBCDCEE02DBF}"
EndProject
Project("{9A19103F-16F7-4668-BE54-9A1E7A4F7556}") = "PaymentService.Application", "Services\Payment\PaymentService.Application\PaymentService.Application.csproj", "{549F8051-5F62-4800-A182-DF3A5A18F116}"
EndProject
Project("{9A19103F-16F7-4668-BE54-9A1E7A4F7556}") = "PaymentService.Domain", "Services\Payment\PaymentService.Domain\PaymentService.Domain.csproj", "{C4EF3D34-9633-45B7-ABBB-DD1926FE3047}"
EndProject
Project("{9A19103F-16F7-4668-BE54-9A1E7A4F7556}") = "PaymentService.Infrastructure", "Services\Payment\PaymentService.Infrastructure\PaymentService.Infrastructure.csproj", "{B33892ED-45EF-48D2-B6D2-9AF1CCF17FC1}"
EndProject
Project("{2150E333-8FDC-42A3-9474-1A3956D46DE8}") = "Catalog", "Catalog", "{9D601C2F-9DFD-4CAA-870A-B4382919C39E}"
EndProject
Project("{9A19103F-16F7-4668-BE54-9A1E7A4F7556}") = "CatalogService.API", "Services\Catalog\CatalogService.API\CatalogService.API.csproj", "{CD9A5590-169C-4251-B28A-17A3EE19CBDD}"
EndProject
Project("{9A19103F-16F7-4668-BE54-9A1E7A4F7556}") = "CatalogService.Application", "Services\Catalog\CatalogService.Application\CatalogService.Application.csproj", "{F2AC4D29-AFCA-452C-AC4D-4F0377B71853}"
EndProject
Project("{9A19103F-16F7-4668-BE54-9A1E7A4F7556}") = "CatalogService.Domain", "Services\Catalog\CatalogService.Domain\CatalogService.Domain.csproj", "{61A5BC33-28F8-4CDD-A914-0538D8DFCF45}"
EndProject
Project("{9A19103F-16F7-4668-BE54-9A1E7A4F7556}") = "CatalogService.Infrastructure", "Services\Catalog\CatalogService.Infrastructure\CatalogService.Infrastructure.csproj", "{FF160AF0-1D9F-43E3-8B61-355B5A47ED45}"
EndProject
Project("{9A19103F-16F7-4668-BE54-9A1E7A4F7556}") = "Account.PostgresMigrations", "Services\Account\Account.PostgresMigrations\Account.PostgresMigrations.csproj", "{FB602428-B7E7-483C-A1C3-0BFDA6E60793}"
EndProject
Project("{9A19103F-16F7-4668-BE54-9A1E7A4F7556}") = "Account.SqlServerMigrations", "Services\Account\Account.SqlServerMigrations\Account.SqlServerMigrations.csproj", "{BB65F13F-88E1-4781-ADBC-B526F1AB1055}"
EndProject
Project("{9A19103F-16F7-4668-BE54-9A1E7A4F7556}") = "Account.IntergrationTests", "Services\Account\Account.IntergrationTests\Account.IntergrationTests.csproj", "{B3EFCEED-2B14-4F6D-8C45-0B382FB02E94}"
EndProject
Project("{9A19103F-16F7-4668-BE54-9A1E7A4F7556}") = "Account.UnitTests", "Services\Account\Account.UnitTests\Account.UnitTests.csproj", "{CA7C906F-4CCD-4164-ABBF-009F8941B342}"
EndProject
Project("{2150E333-8FDC-42A3-9474-1A3956D46DE8}") = "Gateway", "Gateway", "{18D3ED81-80C4-4884-89C2-25B18B2BD9AA}"
EndProject
Project("{9A19103F-16F7-4668-BE54-9A1E7A4F7556}") = "Account.Presentation", "Services\Account\Account.Presentation\Account.Presentation.csproj", "{A8E41724-D693-4CE3-B0EE-1CDB3C4E58BB}"
EndProject
Global
	GlobalSection(SolutionConfigurationPlatforms) = preSolution
		Debug|Any CPU = Debug|Any CPU
		Release|Any CPU = Release|Any CPU
	EndGlobalSection
	GlobalSection(ProjectConfigurationPlatforms) = postSolution
		{C5D9077C-271B-4B5F-8B92-E6960CD45413}.Debug|Any CPU.ActiveCfg = Debug|Any CPU
		{C5D9077C-271B-4B5F-8B92-E6960CD45413}.Debug|Any CPU.Build.0 = Debug|Any CPU
		{C5D9077C-271B-4B5F-8B92-E6960CD45413}.Release|Any CPU.ActiveCfg = Release|Any CPU
		{C5D9077C-271B-4B5F-8B92-E6960CD45413}.Release|Any CPU.Build.0 = Release|Any CPU
		{CF00BC77-7989-4D98-A939-490F4C63AC25}.Debug|Any CPU.ActiveCfg = Debug|Any CPU
		{CF00BC77-7989-4D98-A939-490F4C63AC25}.Debug|Any CPU.Build.0 = Debug|Any CPU
		{CF00BC77-7989-4D98-A939-490F4C63AC25}.Release|Any CPU.ActiveCfg = Release|Any CPU
		{CF00BC77-7989-4D98-A939-490F4C63AC25}.Release|Any CPU.Build.0 = Release|Any CPU
		{C754A7F7-184E-4155-B8C9-926C0E888A00}.Debug|Any CPU.ActiveCfg = Debug|Any CPU
		{C754A7F7-184E-4155-B8C9-926C0E888A00}.Debug|Any CPU.Build.0 = Debug|Any CPU
		{C754A7F7-184E-4155-B8C9-926C0E888A00}.Release|Any CPU.ActiveCfg = Release|Any CPU
		{C754A7F7-184E-4155-B8C9-926C0E888A00}.Release|Any CPU.Build.0 = Release|Any CPU
		{E2F73390-5AB5-4345-8B05-C6029D2DC6B4}.Debug|Any CPU.ActiveCfg = Debug|Any CPU
		{E2F73390-5AB5-4345-8B05-C6029D2DC6B4}.Debug|Any CPU.Build.0 = Debug|Any CPU
		{E2F73390-5AB5-4345-8B05-C6029D2DC6B4}.Release|Any CPU.ActiveCfg = Release|Any CPU
		{E2F73390-5AB5-4345-8B05-C6029D2DC6B4}.Release|Any CPU.Build.0 = Release|Any CPU
		{A2924A5A-AE10-42E8-B7A9-939C72A5179F}.Debug|Any CPU.ActiveCfg = Debug|Any CPU
		{A2924A5A-AE10-42E8-B7A9-939C72A5179F}.Debug|Any CPU.Build.0 = Debug|Any CPU
		{A2924A5A-AE10-42E8-B7A9-939C72A5179F}.Release|Any CPU.ActiveCfg = Release|Any CPU
		{A2924A5A-AE10-42E8-B7A9-939C72A5179F}.Release|Any CPU.Build.0 = Release|Any CPU
		{778C34FF-9AC2-4F21-B91E-AC99640D606D}.Debug|Any CPU.ActiveCfg = Debug|Any CPU
		{778C34FF-9AC2-4F21-B91E-AC99640D606D}.Debug|Any CPU.Build.0 = Debug|Any CPU
		{778C34FF-9AC2-4F21-B91E-AC99640D606D}.Release|Any CPU.ActiveCfg = Release|Any CPU
		{778C34FF-9AC2-4F21-B91E-AC99640D606D}.Release|Any CPU.Build.0 = Release|Any CPU
		{0A2BE260-0472-4B31-9F70-DBCDCEE02DBF}.Debug|Any CPU.ActiveCfg = Debug|Any CPU
		{0A2BE260-0472-4B31-9F70-DBCDCEE02DBF}.Debug|Any CPU.Build.0 = Debug|Any CPU
		{0A2BE260-0472-4B31-9F70-DBCDCEE02DBF}.Release|Any CPU.ActiveCfg = Release|Any CPU
		{0A2BE260-0472-4B31-9F70-DBCDCEE02DBF}.Release|Any CPU.Build.0 = Release|Any CPU
		{549F8051-5F62-4800-A182-DF3A5A18F116}.Debug|Any CPU.ActiveCfg = Debug|Any CPU
		{549F8051-5F62-4800-A182-DF3A5A18F116}.Debug|Any CPU.Build.0 = Debug|Any CPU
		{549F8051-5F62-4800-A182-DF3A5A18F116}.Release|Any CPU.ActiveCfg = Release|Any CPU
		{549F8051-5F62-4800-A182-DF3A5A18F116}.Release|Any CPU.Build.0 = Release|Any CPU
		{C4EF3D34-9633-45B7-ABBB-DD1926FE3047}.Debug|Any CPU.ActiveCfg = Debug|Any CPU
		{C4EF3D34-9633-45B7-ABBB-DD1926FE3047}.Debug|Any CPU.Build.0 = Debug|Any CPU
		{C4EF3D34-9633-45B7-ABBB-DD1926FE3047}.Release|Any CPU.ActiveCfg = Release|Any CPU
		{C4EF3D34-9633-45B7-ABBB-DD1926FE3047}.Release|Any CPU.Build.0 = Release|Any CPU
		{B33892ED-45EF-48D2-B6D2-9AF1CCF17FC1}.Debug|Any CPU.ActiveCfg = Debug|Any CPU
		{B33892ED-45EF-48D2-B6D2-9AF1CCF17FC1}.Debug|Any CPU.Build.0 = Debug|Any CPU
		{B33892ED-45EF-48D2-B6D2-9AF1CCF17FC1}.Release|Any CPU.ActiveCfg = Release|Any CPU
		{B33892ED-45EF-48D2-B6D2-9AF1CCF17FC1}.Release|Any CPU.Build.0 = Release|Any CPU
		{CD9A5590-169C-4251-B28A-17A3EE19CBDD}.Debug|Any CPU.ActiveCfg = Debug|Any CPU
		{CD9A5590-169C-4251-B28A-17A3EE19CBDD}.Debug|Any CPU.Build.0 = Debug|Any CPU
		{CD9A5590-169C-4251-B28A-17A3EE19CBDD}.Release|Any CPU.ActiveCfg = Release|Any CPU
		{CD9A5590-169C-4251-B28A-17A3EE19CBDD}.Release|Any CPU.Build.0 = Release|Any CPU
		{F2AC4D29-AFCA-452C-AC4D-4F0377B71853}.Debug|Any CPU.ActiveCfg = Debug|Any CPU
		{F2AC4D29-AFCA-452C-AC4D-4F0377B71853}.Debug|Any CPU.Build.0 = Debug|Any CPU
		{F2AC4D29-AFCA-452C-AC4D-4F0377B71853}.Release|Any CPU.ActiveCfg = Release|Any CPU
		{F2AC4D29-AFCA-452C-AC4D-4F0377B71853}.Release|Any CPU.Build.0 = Release|Any CPU
		{61A5BC33-28F8-4CDD-A914-0538D8DFCF45}.Debug|Any CPU.ActiveCfg = Debug|Any CPU
		{61A5BC33-28F8-4CDD-A914-0538D8DFCF45}.Debug|Any CPU.Build.0 = Debug|Any CPU
		{61A5BC33-28F8-4CDD-A914-0538D8DFCF45}.Release|Any CPU.ActiveCfg = Release|Any CPU
		{61A5BC33-28F8-4CDD-A914-0538D8DFCF45}.Release|Any CPU.Build.0 = Release|Any CPU
		{FF160AF0-1D9F-43E3-8B61-355B5A47ED45}.Debug|Any CPU.ActiveCfg = Debug|Any CPU
		{FF160AF0-1D9F-43E3-8B61-355B5A47ED45}.Debug|Any CPU.Build.0 = Debug|Any CPU
		{FF160AF0-1D9F-43E3-8B61-355B5A47ED45}.Release|Any CPU.ActiveCfg = Release|Any CPU
		{FF160AF0-1D9F-43E3-8B61-355B5A47ED45}.Release|Any CPU.Build.0 = Release|Any CPU
		{FB602428-B7E7-483C-A1C3-0BFDA6E60793}.Debug|Any CPU.ActiveCfg = Debug|Any CPU
		{FB602428-B7E7-483C-A1C3-0BFDA6E60793}.Debug|Any CPU.Build.0 = Debug|Any CPU
		{FB602428-B7E7-483C-A1C3-0BFDA6E60793}.Release|Any CPU.ActiveCfg = Release|Any CPU
		{FB602428-B7E7-483C-A1C3-0BFDA6E60793}.Release|Any CPU.Build.0 = Release|Any CPU
		{BB65F13F-88E1-4781-ADBC-B526F1AB1055}.Debug|Any CPU.ActiveCfg = Debug|Any CPU
		{BB65F13F-88E1-4781-ADBC-B526F1AB1055}.Debug|Any CPU.Build.0 = Debug|Any CPU
		{BB65F13F-88E1-4781-ADBC-B526F1AB1055}.Release|Any CPU.ActiveCfg = Release|Any CPU
		{BB65F13F-88E1-4781-ADBC-B526F1AB1055}.Release|Any CPU.Build.0 = Release|Any CPU
		{B3EFCEED-2B14-4F6D-8C45-0B382FB02E94}.Debug|Any CPU.ActiveCfg = Debug|Any CPU
		{B3EFCEED-2B14-4F6D-8C45-0B382FB02E94}.Debug|Any CPU.Build.0 = Debug|Any CPU
		{B3EFCEED-2B14-4F6D-8C45-0B382FB02E94}.Release|Any CPU.ActiveCfg = Release|Any CPU
		{B3EFCEED-2B14-4F6D-8C45-0B382FB02E94}.Release|Any CPU.Build.0 = Release|Any CPU
		{CA7C906F-4CCD-4164-ABBF-009F8941B342}.Debug|Any CPU.ActiveCfg = Debug|Any CPU
		{CA7C906F-4CCD-4164-ABBF-009F8941B342}.Debug|Any CPU.Build.0 = Debug|Any CPU
		{CA7C906F-4CCD-4164-ABBF-009F8941B342}.Release|Any CPU.ActiveCfg = Release|Any CPU
		{CA7C906F-4CCD-4164-ABBF-009F8941B342}.Release|Any CPU.Build.0 = Release|Any CPU
		{A8E41724-D693-4CE3-B0EE-1CDB3C4E58BB}.Debug|Any CPU.ActiveCfg = Debug|Any CPU
		{A8E41724-D693-4CE3-B0EE-1CDB3C4E58BB}.Debug|Any CPU.Build.0 = Debug|Any CPU
		{A8E41724-D693-4CE3-B0EE-1CDB3C4E58BB}.Release|Any CPU.ActiveCfg = Release|Any CPU
		{A8E41724-D693-4CE3-B0EE-1CDB3C4E58BB}.Release|Any CPU.Build.0 = Release|Any CPU
	EndGlobalSection
	GlobalSection(SolutionProperties) = preSolution
		HideSolutionNode = FALSE
	EndGlobalSection
	GlobalSection(NestedProjects) = preSolution
		{C5D9077C-271B-4B5F-8B92-E6960CD45413} = {12503999-25D2-42EC-AAE4-FA554CA41035}
		{CF00BC77-7989-4D98-A939-490F4C63AC25} = {18D3ED81-80C4-4884-89C2-25B18B2BD9AA}
		{24ED8D85-8841-4185-B171-D9B2FF28F0CF} = {4E74E3AE-427D-4451-81C5-4F2D24BF6067}
		{C754A7F7-184E-4155-B8C9-926C0E888A00} = {24ED8D85-8841-4185-B171-D9B2FF28F0CF}
		{E2F73390-5AB5-4345-8B05-C6029D2DC6B4} = {24ED8D85-8841-4185-B171-D9B2FF28F0CF}
		{A2924A5A-AE10-42E8-B7A9-939C72A5179F} = {24ED8D85-8841-4185-B171-D9B2FF28F0CF}
		{778C34FF-9AC2-4F21-B91E-AC99640D606D} = {24ED8D85-8841-4185-B171-D9B2FF28F0CF}
		{6652CD36-0093-44BE-ABC9-D322F4ED1C39} = {4E74E3AE-427D-4451-81C5-4F2D24BF6067}
		{0A2BE260-0472-4B31-9F70-DBCDCEE02DBF} = {6652CD36-0093-44BE-ABC9-D322F4ED1C39}
		{549F8051-5F62-4800-A182-DF3A5A18F116} = {6652CD36-0093-44BE-ABC9-D322F4ED1C39}
		{C4EF3D34-9633-45B7-ABBB-DD1926FE3047} = {6652CD36-0093-44BE-ABC9-D322F4ED1C39}
		{B33892ED-45EF-48D2-B6D2-9AF1CCF17FC1} = {6652CD36-0093-44BE-ABC9-D322F4ED1C39}
		{9D601C2F-9DFD-4CAA-870A-B4382919C39E} = {4E74E3AE-427D-4451-81C5-4F2D24BF6067}
		{CD9A5590-169C-4251-B28A-17A3EE19CBDD} = {9D601C2F-9DFD-4CAA-870A-B4382919C39E}
		{F2AC4D29-AFCA-452C-AC4D-4F0377B71853} = {9D601C2F-9DFD-4CAA-870A-B4382919C39E}
		{61A5BC33-28F8-4CDD-A914-0538D8DFCF45} = {9D601C2F-9DFD-4CAA-870A-B4382919C39E}
		{FF160AF0-1D9F-43E3-8B61-355B5A47ED45} = {9D601C2F-9DFD-4CAA-870A-B4382919C39E}
		{FB602428-B7E7-483C-A1C3-0BFDA6E60793} = {24ED8D85-8841-4185-B171-D9B2FF28F0CF}
		{BB65F13F-88E1-4781-ADBC-B526F1AB1055} = {24ED8D85-8841-4185-B171-D9B2FF28F0CF}
		{B3EFCEED-2B14-4F6D-8C45-0B382FB02E94} = {24ED8D85-8841-4185-B171-D9B2FF28F0CF}
		{CA7C906F-4CCD-4164-ABBF-009F8941B342} = {24ED8D85-8841-4185-B171-D9B2FF28F0CF}
		{A8E41724-D693-4CE3-B0EE-1CDB3C4E58BB} = {24ED8D85-8841-4185-B171-D9B2FF28F0CF}
	EndGlobalSection
	GlobalSection(ExtensibilityGlobals) = postSolution
		SolutionGuid = {F050DB71-0AD5-4CAA-9E9B-1AE37514C06A}
	EndGlobalSection
EndGlobal
